# This file is automatically @generated by Cargo.
# It is not intended for manual editing.
version = 4

[[package]]
name = "ethp2p-broadcast"
version = "0.0.0"

[[package]]
name = "ethp2p-protocol"
version = "0.0.0"

[[package]]
name = "ethp2p-sim"
version = "0.0.0"

[[package]]
name = "ethp2p-transport"
version = "0.0.0"

[[package]]
name = "xtask"
version = "0.0.0"
